
Microsoft Visual Studio Solution File, Format Version 12.00
# Visual Studio Version 16
VisualStudioVersion = 16.0.29613.14
MinimumVisualStudioVersion = 10.0.40219.1
Project("{FAE04EC0-301F-11D3-BF4B-00C04F79EFBC}") = "LECCISSearch", "..\LECCISSearch\LECCISSearch.csproj", "{7F5AB07F-1503-427A-8102-DCB7F65A7DE8}"
EndProject
Project("{FAE04EC0-301F-11D3-BF4B-00C04F79EFBC}") = "LECCISAddOwner", "..\LECCISAddOwner\LECCISAddOwner.csproj", "{8821D881-4A1B-48DB-80D6-DFF386CFD9B6}"
EndProject
Project("{FAE04EC0-301F-11D3-BF4B-00C04F79EFBC}") = "LECCISAddProperty", "..\LECCISAddProperty\LECCISAddProperty.csproj", "{C8A49A07-6299-4545-BD71-BC38E120015C}"
EndProject
Project("{FAE04EC0-301F-11D3-BF4B-00C04F79EFBC}") = "LECCISResults", "..\LECCISResults\LECCISResults.csproj", "{384FC026-2B1D-4340-9677-0B412DCCE302}"
EndProject
Global
	GlobalSection(SolutionConfigurationPlatforms) = preSolution
		Debug|Any CPU = Debug|Any CPU
		Release|Any CPU = Release|Any CPU
	EndGlobalSection
	GlobalSection(ProjectConfigurationPlatforms) = postSolution
		{7F5AB07F-1503-427A-8102-DCB7F65A7DE8}.Debug|Any CPU.ActiveCfg = Debug|Any CPU
		{7F5AB07F-1503-427A-8102-DCB7F65A7DE8}.Debug|Any CPU.Build.0 = Debug|Any CPU
		{7F5AB07F-1503-427A-8102-DCB7F65A7DE8}.Release|Any CPU.ActiveCfg = Release|Any CPU
		{7F5AB07F-1503-427A-8102-DCB7F65A7DE8}.Release|Any CPU.Build.0 = Release|Any CPU
		{8821D881-4A1B-48DB-80D6-DFF386CFD9B6}.Debug|Any CPU.ActiveCfg = Debug|Any CPU
		{8821D881-4A1B-48DB-80D6-DFF386CFD9B6}.Debug|Any CPU.Build.0 = Debug|Any CPU
		{8821D881-4A1B-48DB-80D6-DFF386CFD9B6}.Release|Any CPU.ActiveCfg = Release|Any CPU
		{8821D881-4A1B-48DB-80D6-DFF386CFD9B6}.Release|Any CPU.Build.0 = Release|Any CPU
		{C8A49A07-6299-4545-BD71-BC38E120015C}.Debug|Any CPU.ActiveCfg = Debug|Any CPU
		{C8A49A07-6299-4545-BD71-BC38E120015C}.Debug|Any CPU.Build.0 = Debug|Any CPU
		{C8A49A07-6299-4545-BD71-BC38E120015C}.Release|Any CPU.ActiveCfg = Release|Any CPU
		{C8A49A07-6299-4545-BD71-BC38E120015C}.Release|Any CPU.Build.0 = Release|Any CPU
		{384FC026-2B1D-4340-9677-0B412DCCE302}.Debug|Any CPU.ActiveCfg = Debug|Any CPU
		{384FC026-2B1D-4340-9677-0B412DCCE302}.Debug|Any CPU.Build.0 = Debug|Any CPU
		{384FC026-2B1D-4340-9677-0B412DCCE302}.Release|Any CPU.ActiveCfg = Release|Any CPU
		{384FC026-2B1D-4340-9677-0B412DCCE302}.Release|Any CPU.Build.0 = Release|Any CPU
	EndGlobalSection
	GlobalSection(SolutionProperties) = preSolution
		HideSolutionNode = FALSE
	EndGlobalSection
	GlobalSection(ExtensibilityGlobals) = postSolution
		SolutionGuid = {29B2DC74-4374-40A3-A5C5-BE8D5E4989A9}
	EndGlobalSection
EndGlobal
